
Microsoft Visual Studio Solution File, Format Version 12.00
# Visual Studio Version 16
VisualStudioVersion = 16.0.30509.190
MinimumVisualStudioVersion = 10.0.40219.1
Project("{9A19103F-16F7-4668-BE54-9A1E7A4F7556}") = "ThisAssembly.Metadata", "src\ThisAssembly.Metadata\ThisAssembly.Metadata.csproj", "{B5007099-8BE7-490B-9E9A-18CC50C92C29}"
EndProject
Project("{2150E333-8FDC-42A3-9474-1A3956D46DE8}") = "Solution Items", "Solution Items", "{4CA0A26B-C9E5-4F5A-93EC-A1E1FE8CA389}"
	ProjectSection(SolutionItems) = preProject
		src\Directory.Build.props = src\Directory.Build.props
		src\Directory.Build.targets = src\Directory.Build.targets
		global.json = global.json
		README.md = README.md
		.github\workflows\release.yml = .github\workflows\release.yml
	EndProjectSection
EndProject
Project("{9A19103F-16F7-4668-BE54-9A1E7A4F7556}") = "ThisAssembly", "src\ThisAssembly\ThisAssembly.csproj", "{D3A47732-4937-4B6E-BCD1-66896D04E20D}"
EndProject
Project("{9A19103F-16F7-4668-BE54-9A1E7A4F7556}") = "ThisAssembly.Project", "src\ThisAssembly.Project\ThisAssembly.Project.csproj", "{A91C7A07-FFD6-4D19-BD78-B0BC8F9267DB}"
EndProject
Project("{9A19103F-16F7-4668-BE54-9A1E7A4F7556}") = "ThisAssembly.DesignTimeFix", "src\ThisAssembly.DesignTimeFix\ThisAssembly.DesignTimeFix.csproj", "{C64BCC51-5E65-4062-BB92-A7E196DCD580}"
EndProject
Project("{9A19103F-16F7-4668-BE54-9A1E7A4F7556}") = "ThisAssembly.AssemblyInfo", "src\ThisAssembly.AssemblyInfo\ThisAssembly.AssemblyInfo.csproj", "{CDDF83BC-70BE-46C3-BD79-524D868A2812}"
EndProject
Project("{9A19103F-16F7-4668-BE54-9A1E7A4F7556}") = "ThisAssembly.Strings", "src\ThisAssembly.Strings\ThisAssembly.Strings.csproj", "{3E7158B5-BFEF-4416-8226-9096C7C98268}"
EndProject
Project("{FAE04EC0-301F-11D3-BF4B-00C04F79EFBC}") = "ThisAssembly.Tests", "src\ThisAssembly.Tests\ThisAssembly.Tests.csproj", "{0EE54C4D-192C-40BF-B311-408CE833834D}"
EndProject
Global
	GlobalSection(SolutionConfigurationPlatforms) = preSolution
		Debug|Any CPU = Debug|Any CPU
		Release|Any CPU = Release|Any CPU
	EndGlobalSection
	GlobalSection(ProjectConfigurationPlatforms) = postSolution
		{B5007099-8BE7-490B-9E9A-18CC50C92C29}.Debug|Any CPU.ActiveCfg = Debug|Any CPU
		{B5007099-8BE7-490B-9E9A-18CC50C92C29}.Debug|Any CPU.Build.0 = Debug|Any CPU
		{B5007099-8BE7-490B-9E9A-18CC50C92C29}.Release|Any CPU.ActiveCfg = Release|Any CPU
		{B5007099-8BE7-490B-9E9A-18CC50C92C29}.Release|Any CPU.Build.0 = Release|Any CPU
		{D3A47732-4937-4B6E-BCD1-66896D04E20D}.Debug|Any CPU.ActiveCfg = Debug|Any CPU
		{D3A47732-4937-4B6E-BCD1-66896D04E20D}.Debug|Any CPU.Build.0 = Debug|Any CPU
		{D3A47732-4937-4B6E-BCD1-66896D04E20D}.Release|Any CPU.ActiveCfg = Release|Any CPU
		{D3A47732-4937-4B6E-BCD1-66896D04E20D}.Release|Any CPU.Build.0 = Release|Any CPU
		{A91C7A07-FFD6-4D19-BD78-B0BC8F9267DB}.Debug|Any CPU.ActiveCfg = Debug|Any CPU
		{A91C7A07-FFD6-4D19-BD78-B0BC8F9267DB}.Debug|Any CPU.Build.0 = Debug|Any CPU
		{A91C7A07-FFD6-4D19-BD78-B0BC8F9267DB}.Release|Any CPU.ActiveCfg = Release|Any CPU
		{A91C7A07-FFD6-4D19-BD78-B0BC8F9267DB}.Release|Any CPU.Build.0 = Release|Any CPU
		{C64BCC51-5E65-4062-BB92-A7E196DCD580}.Debug|Any CPU.ActiveCfg = Debug|Any CPU
		{C64BCC51-5E65-4062-BB92-A7E196DCD580}.Debug|Any CPU.Build.0 = Debug|Any CPU
		{C64BCC51-5E65-4062-BB92-A7E196DCD580}.Release|Any CPU.ActiveCfg = Release|Any CPU
		{C64BCC51-5E65-4062-BB92-A7E196DCD580}.Release|Any CPU.Build.0 = Release|Any CPU
		{CDDF83BC-70BE-46C3-BD79-524D868A2812}.Debug|Any CPU.ActiveCfg = Debug|Any CPU
		{CDDF83BC-70BE-46C3-BD79-524D868A2812}.Debug|Any CPU.Build.0 = Debug|Any CPU
		{CDDF83BC-70BE-46C3-BD79-524D868A2812}.Release|Any CPU.ActiveCfg = Release|Any CPU
		{CDDF83BC-70BE-46C3-BD79-524D868A2812}.Release|Any CPU.Build.0 = Release|Any CPU
		{3E7158B5-BFEF-4416-8226-9096C7C98268}.Debug|Any CPU.ActiveCfg = Debug|Any CPU
		{3E7158B5-BFEF-4416-8226-9096C7C98268}.Debug|Any CPU.Build.0 = Debug|Any CPU
		{3E7158B5-BFEF-4416-8226-9096C7C98268}.Release|Any CPU.ActiveCfg = Release|Any CPU
		{3E7158B5-BFEF-4416-8226-9096C7C98268}.Release|Any CPU.Build.0 = Release|Any CPU
		{0EE54C4D-192C-40BF-B311-408CE833834D}.Debug|Any CPU.ActiveCfg = Debug|Any CPU
		{0EE54C4D-192C-40BF-B311-408CE833834D}.Debug|Any CPU.Build.0 = Debug|Any CPU
		{0EE54C4D-192C-40BF-B311-408CE833834D}.Release|Any CPU.ActiveCfg = Release|Any CPU
		{0EE54C4D-192C-40BF-B311-408CE833834D}.Release|Any CPU.Build.0 = Release|Any CPU
	EndGlobalSection
	GlobalSection(SolutionProperties) = preSolution
		HideSolutionNode = FALSE
	EndGlobalSection
	GlobalSection(ExtensibilityGlobals) = postSolution
		SolutionGuid = {ADF2DC9F-5F77-4F6E-8804-CFF5892CD064}
	EndGlobalSection
EndGlobal
