
Microsoft Visual Studio Solution File, Format Version 12.00
# Visual Studio Version 17
VisualStudioVersion = 17.4.33103.184
MinimumVisualStudioVersion = 10.0.40219.1
Project("{9A19103F-16F7-4668-BE54-9A1E7A4F7556}") = "ThisAssembly.Metadata", "src\ThisAssembly.Metadata\ThisAssembly.Metadata.csproj", "{B5007099-8BE7-490B-9E9A-18CC50C92C29}"
EndProject
Project("{2150E333-8FDC-42A3-9474-1A3956D46DE8}") = "Solution Items", "Solution Items", "{4CA0A26B-C9E5-4F5A-93EC-A1E1FE8CA389}"
	ProjectSection(SolutionItems) = preProject
		.editorconfig = .editorconfig
		src\Directory.props = src\Directory.props
		src\Directory.targets = src\Directory.targets
		readme.md = readme.md
	EndProjectSection
EndProject
Project("{9A19103F-16F7-4668-BE54-9A1E7A4F7556}") = "ThisAssembly", "src\ThisAssembly\ThisAssembly.csproj", "{D3A47732-4937-4B6E-BCD1-66896D04E20D}"
EndProject
Project("{9A19103F-16F7-4668-BE54-9A1E7A4F7556}") = "ThisAssembly.Project", "src\ThisAssembly.Project\ThisAssembly.Project.csproj", "{A91C7A07-FFD6-4D19-BD78-B0BC8F9267DB}"
EndProject
Project("{9A19103F-16F7-4668-BE54-9A1E7A4F7556}") = "ThisAssembly.AssemblyInfo", "src\ThisAssembly.AssemblyInfo\ThisAssembly.AssemblyInfo.csproj", "{CDDF83BC-70BE-46C3-BD79-524D868A2812}"
EndProject
Project("{9A19103F-16F7-4668-BE54-9A1E7A4F7556}") = "ThisAssembly.Strings", "src\ThisAssembly.Strings\ThisAssembly.Strings.csproj", "{3E7158B5-BFEF-4416-8226-9096C7C98268}"
EndProject
Project("{2150E333-8FDC-42A3-9474-1A3956D46DE8}") = "workflows", "workflows", "{09733D87-085D-4857-A556-5D28796CC138}"
	ProjectSection(SolutionItems) = preProject
		.github_changelog_generator = .github_changelog_generator
		.github\workflows\build.yml = .github\workflows\build.yml
		.github\dependabot.yml = .github\dependabot.yml
		.github\workflows\release.yml = .github\workflows\release.yml
		.github\workflows\tag.yml = .github\workflows\tag.yml
	EndProjectSection
EndProject
Project("{9A19103F-16F7-4668-BE54-9A1E7A4F7556}") = "ThisAssembly.Prerequisites", "src\ThisAssembly.Prerequisites\ThisAssembly.Prerequisites.csproj", "{568E5150-84AD-4619-BEA3-AA5EDF084ABC}"
EndProject
Project("{9A19103F-16F7-4668-BE54-9A1E7A4F7556}") = "ThisAssembly.Constants", "src\ThisAssembly.Constants\ThisAssembly.Constants.csproj", "{31C53CCE-13FC-4890-803A-85CD146B909B}"
EndProject
Project("{9A19103F-16F7-4668-BE54-9A1E7A4F7556}") = "ThisAssembly.Tests", "src\ThisAssembly.Tests\ThisAssembly.Tests.csproj", "{AD25424F-7DE0-4515-AE9F-B95414218292}"
EndProject
Project("{9A19103F-16F7-4668-BE54-9A1E7A4F7556}") = "ThisAssembly.Resources", "src\ThisAssembly.Resources\ThisAssembly.Resources.csproj", "{14D0C5BA-8410-4454-87A2-7BF5993E1EA2}"
EndProject
Project("{FAE04EC0-301F-11D3-BF4B-00C04F79EFBC}") = "ThisAssembly.Git", "src\ThisAssembly.Git\ThisAssembly.Git.csproj", "{F34F8470-7C60-4BB8-ACB5-569D6D0F6A46}"
EndProject
Global
	GlobalSection(SolutionConfigurationPlatforms) = preSolution
		Debug|Any CPU = Debug|Any CPU
		Release|Any CPU = Release|Any CPU
	EndGlobalSection
	GlobalSection(ProjectConfigurationPlatforms) = postSolution
		{B5007099-8BE7-490B-9E9A-18CC50C92C29}.Debug|Any CPU.ActiveCfg = Debug|Any CPU
		{B5007099-8BE7-490B-9E9A-18CC50C92C29}.Debug|Any CPU.Build.0 = Debug|Any CPU
		{B5007099-8BE7-490B-9E9A-18CC50C92C29}.Release|Any CPU.ActiveCfg = Release|Any CPU
		{B5007099-8BE7-490B-9E9A-18CC50C92C29}.Release|Any CPU.Build.0 = Release|Any CPU
		{D3A47732-4937-4B6E-BCD1-66896D04E20D}.Debug|Any CPU.ActiveCfg = Debug|Any CPU
		{D3A47732-4937-4B6E-BCD1-66896D04E20D}.Debug|Any CPU.Build.0 = Debug|Any CPU
		{D3A47732-4937-4B6E-BCD1-66896D04E20D}.Release|Any CPU.ActiveCfg = Release|Any CPU
		{D3A47732-4937-4B6E-BCD1-66896D04E20D}.Release|Any CPU.Build.0 = Release|Any CPU
		{A91C7A07-FFD6-4D19-BD78-B0BC8F9267DB}.Debug|Any CPU.ActiveCfg = Debug|Any CPU
		{A91C7A07-FFD6-4D19-BD78-B0BC8F9267DB}.Debug|Any CPU.Build.0 = Debug|Any CPU
		{A91C7A07-FFD6-4D19-BD78-B0BC8F9267DB}.Release|Any CPU.ActiveCfg = Release|Any CPU
		{A91C7A07-FFD6-4D19-BD78-B0BC8F9267DB}.Release|Any CPU.Build.0 = Release|Any CPU
		{CDDF83BC-70BE-46C3-BD79-524D868A2812}.Debug|Any CPU.ActiveCfg = Debug|Any CPU
		{CDDF83BC-70BE-46C3-BD79-524D868A2812}.Debug|Any CPU.Build.0 = Debug|Any CPU
		{CDDF83BC-70BE-46C3-BD79-524D868A2812}.Release|Any CPU.ActiveCfg = Release|Any CPU
		{CDDF83BC-70BE-46C3-BD79-524D868A2812}.Release|Any CPU.Build.0 = Release|Any CPU
		{3E7158B5-BFEF-4416-8226-9096C7C98268}.Debug|Any CPU.ActiveCfg = Debug|Any CPU
		{3E7158B5-BFEF-4416-8226-9096C7C98268}.Debug|Any CPU.Build.0 = Debug|Any CPU
		{3E7158B5-BFEF-4416-8226-9096C7C98268}.Release|Any CPU.ActiveCfg = Release|Any CPU
		{3E7158B5-BFEF-4416-8226-9096C7C98268}.Release|Any CPU.Build.0 = Release|Any CPU
		{568E5150-84AD-4619-BEA3-AA5EDF084ABC}.Debug|Any CPU.ActiveCfg = Debug|Any CPU
		{568E5150-84AD-4619-BEA3-AA5EDF084ABC}.Debug|Any CPU.Build.0 = Debug|Any CPU
		{568E5150-84AD-4619-BEA3-AA5EDF084ABC}.Release|Any CPU.ActiveCfg = Release|Any CPU
		{568E5150-84AD-4619-BEA3-AA5EDF084ABC}.Release|Any CPU.Build.0 = Release|Any CPU
		{31C53CCE-13FC-4890-803A-85CD146B909B}.Debug|Any CPU.ActiveCfg = Debug|Any CPU
		{31C53CCE-13FC-4890-803A-85CD146B909B}.Debug|Any CPU.Build.0 = Debug|Any CPU
		{31C53CCE-13FC-4890-803A-85CD146B909B}.Release|Any CPU.ActiveCfg = Release|Any CPU
		{31C53CCE-13FC-4890-803A-85CD146B909B}.Release|Any CPU.Build.0 = Release|Any CPU
		{AD25424F-7DE0-4515-AE9F-B95414218292}.Debug|Any CPU.ActiveCfg = Debug|Any CPU
		{AD25424F-7DE0-4515-AE9F-B95414218292}.Debug|Any CPU.Build.0 = Debug|Any CPU
		{AD25424F-7DE0-4515-AE9F-B95414218292}.Release|Any CPU.ActiveCfg = Release|Any CPU
		{AD25424F-7DE0-4515-AE9F-B95414218292}.Release|Any CPU.Build.0 = Release|Any CPU
		{14D0C5BA-8410-4454-87A2-7BF5993E1EA2}.Debug|Any CPU.ActiveCfg = Debug|Any CPU
		{14D0C5BA-8410-4454-87A2-7BF5993E1EA2}.Debug|Any CPU.Build.0 = Debug|Any CPU
		{14D0C5BA-8410-4454-87A2-7BF5993E1EA2}.Release|Any CPU.ActiveCfg = Release|Any CPU
		{14D0C5BA-8410-4454-87A2-7BF5993E1EA2}.Release|Any CPU.Build.0 = Release|Any CPU
		{F34F8470-7C60-4BB8-ACB5-569D6D0F6A46}.Debug|Any CPU.ActiveCfg = Debug|Any CPU
		{F34F8470-7C60-4BB8-ACB5-569D6D0F6A46}.Debug|Any CPU.Build.0 = Debug|Any CPU
		{F34F8470-7C60-4BB8-ACB5-569D6D0F6A46}.Release|Any CPU.ActiveCfg = Release|Any CPU
		{F34F8470-7C60-4BB8-ACB5-569D6D0F6A46}.Release|Any CPU.Build.0 = Release|Any CPU
	EndGlobalSection
	GlobalSection(SolutionProperties) = preSolution
		HideSolutionNode = FALSE
	EndGlobalSection
	GlobalSection(NestedProjects) = preSolution
		{09733D87-085D-4857-A556-5D28796CC138} = {4CA0A26B-C9E5-4F5A-93EC-A1E1FE8CA389}
	EndGlobalSection
	GlobalSection(ExtensibilityGlobals) = postSolution
		SolutionGuid = {ADF2DC9F-5F77-4F6E-8804-CFF5892CD064}
	EndGlobalSection
EndGlobal
