
Microsoft Visual Studio Solution File, Format Version 12.00
# Visual Studio Version 17
VisualStudioVersion = 17.2.32505.173
MinimumVisualStudioVersion = 10.0.40219.1
Project("{9A19103F-16F7-4668-BE54-9A1E7A4F7556}") = "ThisAssembly.Metadata", "src\Generators\ThisAssembly.Metadata\ThisAssembly.Metadata.csproj", "{B5007099-8BE7-490B-9E9A-18CC50C92C29}"
EndProject
Project("{2150E333-8FDC-42A3-9474-1A3956D46DE8}") = "Solution Items", "Solution Items", "{4CA0A26B-C9E5-4F5A-93EC-A1E1FE8CA389}"
	ProjectSection(SolutionItems) = preProject
		src\Directory.Packages.props = src\Directory.Packages.props
		src\Directory.props = src\Directory.props
		src\Directory.targets = src\Directory.targets
		global.json = global.json
		src\nuget.config = src\nuget.config
		readme.md = readme.md
	EndProjectSection
EndProject
Project("{9A19103F-16F7-4668-BE54-9A1E7A4F7556}") = "ThisAssembly", "src\ThisAssembly\ThisAssembly.csproj", "{D3A47732-4937-4B6E-BCD1-66896D04E20D}"
EndProject
Project("{9A19103F-16F7-4668-BE54-9A1E7A4F7556}") = "ThisAssembly.Project", "src\Generators\ThisAssembly.Project\ThisAssembly.Project.csproj", "{A91C7A07-FFD6-4D19-BD78-B0BC8F9267DB}"
EndProject
Project("{9A19103F-16F7-4668-BE54-9A1E7A4F7556}") = "ThisAssembly.AssemblyInfo", "src\Generators\ThisAssembly.AssemblyInfo\ThisAssembly.AssemblyInfo.csproj", "{CDDF83BC-70BE-46C3-BD79-524D868A2812}"
EndProject
Project("{9A19103F-16F7-4668-BE54-9A1E7A4F7556}") = "ThisAssembly.Strings", "src\Generators\ThisAssembly.Strings\ThisAssembly.Strings.csproj", "{3E7158B5-BFEF-4416-8226-9096C7C98268}"
EndProject
Project("{9A19103F-16F7-4668-BE54-9A1E7A4F7556}") = "ThisAssembly.Prerequisites", "src\ThisAssembly.Prerequisites\ThisAssembly.Prerequisites.csproj", "{568E5150-84AD-4619-BEA3-AA5EDF084ABC}"
EndProject
Project("{9A19103F-16F7-4668-BE54-9A1E7A4F7556}") = "ThisAssembly.Constants", "src\Generators\ThisAssembly.Constants\ThisAssembly.Constants.csproj", "{31C53CCE-13FC-4890-803A-85CD146B909B}"
EndProject
Project("{9A19103F-16F7-4668-BE54-9A1E7A4F7556}") = "ThisAssembly.Tests", "src\ThisAssembly.Tests\ThisAssembly.Tests.csproj", "{AD25424F-7DE0-4515-AE9F-B95414218292}"
EndProject
Project("{9A19103F-16F7-4668-BE54-9A1E7A4F7556}") = "CommonCode", "src\Generators\CommonCode\CommonCode.csproj", "{C135AF57-4B5B-42E6-B9A8-3FD7B4546032}"
EndProject
Project("{2150E333-8FDC-42A3-9474-1A3956D46DE8}") = "Generators", "Generators", "{A2035D56-A74F-4510-BB5A-EDBF15B9004A}"
	ProjectSection(SolutionItems) = preProject
		src\Generators\Directory.Build.targets = src\Generators\Directory.Build.targets
	EndProjectSection
EndProject
Project("{2150E333-8FDC-42A3-9474-1A3956D46DE8}") = ".github", ".github", "{3B248E10-21FD-43DA-9EB8-B522D6FA5950}"
	ProjectSection(SolutionItems) = preProject
		.github\.github_changelog_generator = .github\.github_changelog_generator
		.github\dependabot.yml = .github\dependabot.yml
		.github\FUNDING.yml = .github\FUNDING.yml
	EndProjectSection
EndProject
Project("{2150E333-8FDC-42A3-9474-1A3956D46DE8}") = "ISSUE_TEMPLATE", "ISSUE_TEMPLATE", "{FABD7441-9654-427E-A7E7-1E419BC0CEB1}"
	ProjectSection(SolutionItems) = preProject
		.github\ISSUE_TEMPLATE\bug.md = .github\ISSUE_TEMPLATE\bug.md
		.github\ISSUE_TEMPLATE\config.yml = .github\ISSUE_TEMPLATE\config.yml
	EndProjectSection
EndProject
Project("{2150E333-8FDC-42A3-9474-1A3956D46DE8}") = "workflows", "workflows", "{F73A7E9E-17A6-45DF-95C0-76050B4171E2}"
	ProjectSection(SolutionItems) = preProject
		.github\workflows\build.yml = .github\workflows\build.yml
		.github\workflows\changelog.yml = .github\workflows\changelog.yml
		.github\workflows\dotnet-file.yml = .github\workflows\dotnet-file.yml
		.github\workflows\pages.yml = .github\workflows\pages.yml
		.github\workflows\publish.yml = .github\workflows\publish.yml
		.github\workflows\release-artifacts.yml = .github\workflows\release-artifacts.yml
		.github\workflows\release-notes.yml = .github\workflows\release-notes.yml
		.github\workflows\sponsors.ps1 = .github\workflows\sponsors.ps1
		.github\workflows\sponsors.yml = .github\workflows\sponsors.yml
	EndProjectSection
EndProject
Project("{2150E333-8FDC-42A3-9474-1A3956D46DE8}") = "test", "test", "{63620371-649B-4940-9DE8-595ECE7A71A0}"
	ProjectSection(SolutionItems) = preProject
		.github\workflows\test\action.yml = .github\workflows\test\action.yml
	EndProjectSection
EndProject
Global
	GlobalSection(SolutionConfigurationPlatforms) = preSolution
		Debug|Any CPU = Debug|Any CPU
		Release|Any CPU = Release|Any CPU
	EndGlobalSection
	GlobalSection(ProjectConfigurationPlatforms) = postSolution
		{B5007099-8BE7-490B-9E9A-18CC50C92C29}.Debug|Any CPU.ActiveCfg = Debug|Any CPU
		{B5007099-8BE7-490B-9E9A-18CC50C92C29}.Debug|Any CPU.Build.0 = Debug|Any CPU
		{B5007099-8BE7-490B-9E9A-18CC50C92C29}.Release|Any CPU.ActiveCfg = Release|Any CPU
		{B5007099-8BE7-490B-9E9A-18CC50C92C29}.Release|Any CPU.Build.0 = Release|Any CPU
		{D3A47732-4937-4B6E-BCD1-66896D04E20D}.Debug|Any CPU.ActiveCfg = Debug|Any CPU
		{D3A47732-4937-4B6E-BCD1-66896D04E20D}.Debug|Any CPU.Build.0 = Debug|Any CPU
		{D3A47732-4937-4B6E-BCD1-66896D04E20D}.Release|Any CPU.ActiveCfg = Release|Any CPU
		{D3A47732-4937-4B6E-BCD1-66896D04E20D}.Release|Any CPU.Build.0 = Release|Any CPU
		{A91C7A07-FFD6-4D19-BD78-B0BC8F9267DB}.Debug|Any CPU.ActiveCfg = Debug|Any CPU
		{A91C7A07-FFD6-4D19-BD78-B0BC8F9267DB}.Debug|Any CPU.Build.0 = Debug|Any CPU
		{A91C7A07-FFD6-4D19-BD78-B0BC8F9267DB}.Release|Any CPU.ActiveCfg = Release|Any CPU
		{A91C7A07-FFD6-4D19-BD78-B0BC8F9267DB}.Release|Any CPU.Build.0 = Release|Any CPU
		{CDDF83BC-70BE-46C3-BD79-524D868A2812}.Debug|Any CPU.ActiveCfg = Debug|Any CPU
		{CDDF83BC-70BE-46C3-BD79-524D868A2812}.Debug|Any CPU.Build.0 = Debug|Any CPU
		{CDDF83BC-70BE-46C3-BD79-524D868A2812}.Release|Any CPU.ActiveCfg = Release|Any CPU
		{CDDF83BC-70BE-46C3-BD79-524D868A2812}.Release|Any CPU.Build.0 = Release|Any CPU
		{3E7158B5-BFEF-4416-8226-9096C7C98268}.Debug|Any CPU.ActiveCfg = Debug|Any CPU
		{3E7158B5-BFEF-4416-8226-9096C7C98268}.Debug|Any CPU.Build.0 = Debug|Any CPU
		{3E7158B5-BFEF-4416-8226-9096C7C98268}.Release|Any CPU.ActiveCfg = Release|Any CPU
		{3E7158B5-BFEF-4416-8226-9096C7C98268}.Release|Any CPU.Build.0 = Release|Any CPU
		{568E5150-84AD-4619-BEA3-AA5EDF084ABC}.Debug|Any CPU.ActiveCfg = Debug|Any CPU
		{568E5150-84AD-4619-BEA3-AA5EDF084ABC}.Debug|Any CPU.Build.0 = Debug|Any CPU
		{568E5150-84AD-4619-BEA3-AA5EDF084ABC}.Release|Any CPU.ActiveCfg = Release|Any CPU
		{568E5150-84AD-4619-BEA3-AA5EDF084ABC}.Release|Any CPU.Build.0 = Release|Any CPU
		{31C53CCE-13FC-4890-803A-85CD146B909B}.Debug|Any CPU.ActiveCfg = Debug|Any CPU
		{31C53CCE-13FC-4890-803A-85CD146B909B}.Debug|Any CPU.Build.0 = Debug|Any CPU
		{31C53CCE-13FC-4890-803A-85CD146B909B}.Release|Any CPU.ActiveCfg = Release|Any CPU
		{31C53CCE-13FC-4890-803A-85CD146B909B}.Release|Any CPU.Build.0 = Release|Any CPU
		{AD25424F-7DE0-4515-AE9F-B95414218292}.Debug|Any CPU.ActiveCfg = Debug|Any CPU
		{AD25424F-7DE0-4515-AE9F-B95414218292}.Debug|Any CPU.Build.0 = Debug|Any CPU
		{AD25424F-7DE0-4515-AE9F-B95414218292}.Release|Any CPU.ActiveCfg = Release|Any CPU
		{AD25424F-7DE0-4515-AE9F-B95414218292}.Release|Any CPU.Build.0 = Release|Any CPU
		{C135AF57-4B5B-42E6-B9A8-3FD7B4546032}.Debug|Any CPU.ActiveCfg = Debug|Any CPU
		{C135AF57-4B5B-42E6-B9A8-3FD7B4546032}.Debug|Any CPU.Build.0 = Debug|Any CPU
		{C135AF57-4B5B-42E6-B9A8-3FD7B4546032}.Release|Any CPU.ActiveCfg = Release|Any CPU
		{C135AF57-4B5B-42E6-B9A8-3FD7B4546032}.Release|Any CPU.Build.0 = Release|Any CPU
	EndGlobalSection
	GlobalSection(SolutionProperties) = preSolution
		HideSolutionNode = FALSE
	EndGlobalSection
	GlobalSection(NestedProjects) = preSolution
		{B5007099-8BE7-490B-9E9A-18CC50C92C29} = {A2035D56-A74F-4510-BB5A-EDBF15B9004A}
		{A91C7A07-FFD6-4D19-BD78-B0BC8F9267DB} = {A2035D56-A74F-4510-BB5A-EDBF15B9004A}
		{CDDF83BC-70BE-46C3-BD79-524D868A2812} = {A2035D56-A74F-4510-BB5A-EDBF15B9004A}
		{3E7158B5-BFEF-4416-8226-9096C7C98268} = {A2035D56-A74F-4510-BB5A-EDBF15B9004A}
		{31C53CCE-13FC-4890-803A-85CD146B909B} = {A2035D56-A74F-4510-BB5A-EDBF15B9004A}
		{C135AF57-4B5B-42E6-B9A8-3FD7B4546032} = {A2035D56-A74F-4510-BB5A-EDBF15B9004A}
		{3B248E10-21FD-43DA-9EB8-B522D6FA5950} = {4CA0A26B-C9E5-4F5A-93EC-A1E1FE8CA389}
		{FABD7441-9654-427E-A7E7-1E419BC0CEB1} = {3B248E10-21FD-43DA-9EB8-B522D6FA5950}
		{F73A7E9E-17A6-45DF-95C0-76050B4171E2} = {3B248E10-21FD-43DA-9EB8-B522D6FA5950}
		{63620371-649B-4940-9DE8-595ECE7A71A0} = {F73A7E9E-17A6-45DF-95C0-76050B4171E2}
	EndGlobalSection
	GlobalSection(ExtensibilityGlobals) = postSolution
		SolutionGuid = {ADF2DC9F-5F77-4F6E-8804-CFF5892CD064}
	EndGlobalSection
EndGlobal
